
Microsoft Visual Studio Solution File, Format Version 11.00
# Visual Studio 2010
Project("{FAE04EC0-301F-11D3-BF4B-00C04F79EFBC}") = "ASE", "ASE\ASE.csproj", "{271E6CF0-3E63-41A8-BB32-D0B11B50D16D}"
EndProject
Global
	GlobalSection(SolutionConfigurationPlatforms) = preSolution
		Debug|Any CPU = Debug|Any CPU
		Release|Any CPU = Release|Any CPU
	EndGlobalSection
	GlobalSection(ProjectConfigurationPlatforms) = postSolution
		{271E6CF0-3E63-41A8-BB32-D0B11B50D16D}.Debug|Any CPU.ActiveCfg = Debug|Any CPU
		{271E6CF0-3E63-41A8-BB32-D0B11B50D16D}.Debug|Any CPU.Build.0 = Debug|Any CPU
		{271E6CF0-3E63-41A8-BB32-D0B11B50D16D}.Release|Any CPU.ActiveCfg = Release|Any CPU
		{271E6CF0-3E63-41A8-BB32-D0B11B50D16D}.Release|Any CPU.Build.0 = Release|Any CPU
	EndGlobalSection
	GlobalSection(SolutionProperties) = preSolution
		HideSolutionNode = FALSE
	EndGlobalSection
EndGlobal
